
Microsoft Visual Studio Solution File, Format Version 12.00
# Visual Studio 15
VisualStudioVersion = 15.0.26730.16
MinimumVisualStudioVersion = 10.0.40219.1
Project("{FAE04EC0-301F-11D3-BF4B-00C04F79EFBC}") = "FritoLay", "FritoLay\FritoLay.csproj", "{24E11A0C-9CB0-46AA-B9C0-929F74CC08AC}"
EndProject
Project("{FAE04EC0-301F-11D3-BF4B-00C04F79EFBC}") = "FritoLay.Tests", "FritoLay.Tests\FritoLay.Tests.csproj", "{8CA0B2BF-E99A-4645-BB3E-2DAF45A5C177}"
EndProject
Global
	GlobalSection(SolutionConfigurationPlatforms) = preSolution
		Debug|Any CPU = Debug|Any CPU
		Release|Any CPU = Release|Any CPU
	EndGlobalSection
	GlobalSection(ProjectConfigurationPlatforms) = postSolution
		{24E11A0C-9CB0-46AA-B9C0-929F74CC08AC}.Debug|Any CPU.ActiveCfg = Debug|Any CPU
		{24E11A0C-9CB0-46AA-B9C0-929F74CC08AC}.Debug|Any CPU.Build.0 = Debug|Any CPU
		{24E11A0C-9CB0-46AA-B9C0-929F74CC08AC}.Release|Any CPU.ActiveCfg = Release|Any CPU
		{24E11A0C-9CB0-46AA-B9C0-929F74CC08AC}.Release|Any CPU.Build.0 = Release|Any CPU
		{8CA0B2BF-E99A-4645-BB3E-2DAF45A5C177}.Debug|Any CPU.ActiveCfg = Debug|Any CPU
		{8CA0B2BF-E99A-4645-BB3E-2DAF45A5C177}.Debug|Any CPU.Build.0 = Debug|Any CPU
		{8CA0B2BF-E99A-4645-BB3E-2DAF45A5C177}.Release|Any CPU.ActiveCfg = Release|Any CPU
		{8CA0B2BF-E99A-4645-BB3E-2DAF45A5C177}.Release|Any CPU.Build.0 = Release|Any CPU
	EndGlobalSection
	GlobalSection(SolutionProperties) = preSolution
		HideSolutionNode = FALSE
	EndGlobalSection
	GlobalSection(ExtensibilityGlobals) = postSolution
		SolutionGuid = {23724825-E8F4-43C1-BD7B-3FB0440F5AC6}
	EndGlobalSection
EndGlobal
